
Microsoft Visual Studio Solution File, Format Version 12.00
# Visual Studio 14
VisualStudioVersion = 14.0.25420.1
MinimumVisualStudioVersion = 10.0.40219.1
Project("{FAE04EC0-301F-11D3-BF4B-00C04F79EFBC}") = "eftest", "eftest\eftest.csproj", "{C20C0B6C-4DBA-4727-8920-C64ECD9AEF3E}"
EndProject
Project("{FAE04EC0-301F-11D3-BF4B-00C04F79EFBC}") = "sqlitemodel", "sqlitemodel\sqlitemodel.csproj", "{60E60424-6118-423E-9D20-A646871F794C}"
EndProject
Project("{FAE04EC0-301F-11D3-BF4B-00C04F79EFBC}") = "sqlservermodel", "sqlservermodel\sqlservermodel.csproj", "{078CDE82-9B92-40A4-AD65-1B6B63B343E9}"
EndProject
Project("{FAE04EC0-301F-11D3-BF4B-00C04F79EFBC}") = "DXEFTestApp", "DXEFTestApp\DXEFTestApp.csproj", "{ECD76FBC-6F8A-4F48-AD4A-4BB10D2054B2}"
EndProject
Project("{FAE04EC0-301F-11D3-BF4B-00C04F79EFBC}") = "grpcmodel", "grpcmodel\grpcmodel.csproj", "{9738E6CB-ACDC-4922-9DE6-4A808554C7D8}"
EndProject
Global
	GlobalSection(SolutionConfigurationPlatforms) = preSolution
		Debug|Any CPU = Debug|Any CPU
		Release|Any CPU = Release|Any CPU
	EndGlobalSection
	GlobalSection(ProjectConfigurationPlatforms) = postSolution
		{C20C0B6C-4DBA-4727-8920-C64ECD9AEF3E}.Debug|Any CPU.ActiveCfg = Debug|Any CPU
		{C20C0B6C-4DBA-4727-8920-C64ECD9AEF3E}.Debug|Any CPU.Build.0 = Debug|Any CPU
		{C20C0B6C-4DBA-4727-8920-C64ECD9AEF3E}.Release|Any CPU.ActiveCfg = Release|Any CPU
		{C20C0B6C-4DBA-4727-8920-C64ECD9AEF3E}.Release|Any CPU.Build.0 = Release|Any CPU
		{60E60424-6118-423E-9D20-A646871F794C}.Debug|Any CPU.ActiveCfg = Debug|Any CPU
		{60E60424-6118-423E-9D20-A646871F794C}.Debug|Any CPU.Build.0 = Debug|Any CPU
		{60E60424-6118-423E-9D20-A646871F794C}.Release|Any CPU.ActiveCfg = Release|Any CPU
		{60E60424-6118-423E-9D20-A646871F794C}.Release|Any CPU.Build.0 = Release|Any CPU
		{078CDE82-9B92-40A4-AD65-1B6B63B343E9}.Debug|Any CPU.ActiveCfg = Debug|Any CPU
		{078CDE82-9B92-40A4-AD65-1B6B63B343E9}.Debug|Any CPU.Build.0 = Debug|Any CPU
		{078CDE82-9B92-40A4-AD65-1B6B63B343E9}.Release|Any CPU.ActiveCfg = Release|Any CPU
		{078CDE82-9B92-40A4-AD65-1B6B63B343E9}.Release|Any CPU.Build.0 = Release|Any CPU
		{ECD76FBC-6F8A-4F48-AD4A-4BB10D2054B2}.Debug|Any CPU.ActiveCfg = Debug|Any CPU
		{ECD76FBC-6F8A-4F48-AD4A-4BB10D2054B2}.Debug|Any CPU.Build.0 = Debug|Any CPU
		{ECD76FBC-6F8A-4F48-AD4A-4BB10D2054B2}.Release|Any CPU.ActiveCfg = Release|Any CPU
		{ECD76FBC-6F8A-4F48-AD4A-4BB10D2054B2}.Release|Any CPU.Build.0 = Release|Any CPU
		{9738E6CB-ACDC-4922-9DE6-4A808554C7D8}.Debug|Any CPU.ActiveCfg = Debug|Any CPU
		{9738E6CB-ACDC-4922-9DE6-4A808554C7D8}.Debug|Any CPU.Build.0 = Debug|Any CPU
		{9738E6CB-ACDC-4922-9DE6-4A808554C7D8}.Release|Any CPU.ActiveCfg = Release|Any CPU
		{9738E6CB-ACDC-4922-9DE6-4A808554C7D8}.Release|Any CPU.Build.0 = Release|Any CPU
	EndGlobalSection
	GlobalSection(SolutionProperties) = preSolution
		HideSolutionNode = FALSE
	EndGlobalSection
EndGlobal
